
Microsoft Visual Studio Solution File, Format Version 12.00
# Visual Studio 2013
VisualStudioVersion = 12.0.40629.0
MinimumVisualStudioVersion = 10.0.40219.1
Project("{FAE04EC0-301F-11D3-BF4B-00C04F79EFBC}") = "Chess", "Chess\Chess.csproj", "{7B9AFBCC-C4FC-47F0-AF05-39FC240B520E}"
EndProject
Project("{FAE04EC0-301F-11D3-BF4B-00C04F79EFBC}") = "Board", "Board\Board.csproj", "{F816028D-4308-4583-AB9C-2A5445814938}"
EndProject
Project("{FAE04EC0-301F-11D3-BF4B-00C04F79EFBC}") = "Piece", "Piece\Piece.csproj", "{116F4E62-13AF-4335-BADD-DCE7A026084C}"
EndProject
Project("{FAE04EC0-301F-11D3-BF4B-00C04F79EFBC}") = "Test", "Test\Test.csproj", "{5EFC14EF-3E56-4CD4-8A3D-8A17C2C3C7B5}"
EndProject
Global
	GlobalSection(SolutionConfigurationPlatforms) = preSolution
		Debug|Any CPU = Debug|Any CPU
		Release|Any CPU = Release|Any CPU
	EndGlobalSection
	GlobalSection(ProjectConfigurationPlatforms) = postSolution
		{7B9AFBCC-C4FC-47F0-AF05-39FC240B520E}.Debug|Any CPU.ActiveCfg = Debug|Any CPU
		{7B9AFBCC-C4FC-47F0-AF05-39FC240B520E}.Debug|Any CPU.Build.0 = Debug|Any CPU
		{7B9AFBCC-C4FC-47F0-AF05-39FC240B520E}.Release|Any CPU.ActiveCfg = Release|Any CPU
		{7B9AFBCC-C4FC-47F0-AF05-39FC240B520E}.Release|Any CPU.Build.0 = Release|Any CPU
		{F816028D-4308-4583-AB9C-2A5445814938}.Debug|Any CPU.ActiveCfg = Debug|Any CPU
		{F816028D-4308-4583-AB9C-2A5445814938}.Debug|Any CPU.Build.0 = Debug|Any CPU
		{F816028D-4308-4583-AB9C-2A5445814938}.Release|Any CPU.ActiveCfg = Release|Any CPU
		{F816028D-4308-4583-AB9C-2A5445814938}.Release|Any CPU.Build.0 = Release|Any CPU
		{116F4E62-13AF-4335-BADD-DCE7A026084C}.Debug|Any CPU.ActiveCfg = Debug|Any CPU
		{116F4E62-13AF-4335-BADD-DCE7A026084C}.Debug|Any CPU.Build.0 = Debug|Any CPU
		{116F4E62-13AF-4335-BADD-DCE7A026084C}.Release|Any CPU.ActiveCfg = Release|Any CPU
		{116F4E62-13AF-4335-BADD-DCE7A026084C}.Release|Any CPU.Build.0 = Release|Any CPU
		{5EFC14EF-3E56-4CD4-8A3D-8A17C2C3C7B5}.Debug|Any CPU.ActiveCfg = Debug|Any CPU
		{5EFC14EF-3E56-4CD4-8A3D-8A17C2C3C7B5}.Debug|Any CPU.Build.0 = Debug|Any CPU
		{5EFC14EF-3E56-4CD4-8A3D-8A17C2C3C7B5}.Release|Any CPU.ActiveCfg = Release|Any CPU
		{5EFC14EF-3E56-4CD4-8A3D-8A17C2C3C7B5}.Release|Any CPU.Build.0 = Release|Any CPU
	EndGlobalSection
	GlobalSection(SolutionProperties) = preSolution
		HideSolutionNode = FALSE
	EndGlobalSection
EndGlobal
